// !$*UTF8*$!
{
	archiveVersion = 1;
	classes = {
	};
	objectVersion = 46;
	objects = {

/* Begin PBXBuildFile section */
		5B5BE13DE1D4AE45E3E64E0B /* Pods_GeekInformer.framework in Frameworks */ = {isa = PBXBuildFile; fileRef = AE31EE658FE34E427986F172 /* Pods_GeekInformer.framework */; };
		C33465F81E5F9B66000AE76F /* CardViewController.swift in Sources */ = {isa = PBXBuildFile; fileRef = C33465F71E5F9B66000AE76F /* CardViewController.swift */; };
		C34A3E291E64801700EC8F66 /* Card.swift in Sources */ = {isa = PBXBuildFile; fileRef = C34A3E281E64801700EC8F66 /* Card.swift */; };
		C34A3E2B1E64807E00EC8F66 /* YouTubeCard.swift in Sources */ = {isa = PBXBuildFile; fileRef = C34A3E2A1E64807E00EC8F66 /* YouTubeCard.swift */; };
		C34A3E2D1E64808F00EC8F66 /* ItunesCard.swift in Sources */ = {isa = PBXBuildFile; fileRef = C34A3E2C1E64808F00EC8F66 /* ItunesCard.swift */; };
		C35C648B1E6AD05C001E2B16 /* Roboto-Regular.ttf in Resources */ = {isa = PBXBuildFile; fileRef = C35C648A1E6AD045001E2B16 /* Roboto-Regular.ttf */; };
		C3E99D201E61A13B0041C812 /* CellForCollectionView.swift in Sources */ = {isa = PBXBuildFile; fileRef = C3E99D1F1E61A13B0041C812 /* CellForCollectionView.swift */; };
		C3E99D221E61AAFB0041C812 /* ViewController.swift in Sources */ = {isa = PBXBuildFile; fileRef = C3E99D211E61AAFB0041C812 /* ViewController.swift */; };
		C3ED6CC01E50A9A200423208 /* ApiService.swift in Sources */ = {isa = PBXBuildFile; fileRef = C3ED6CBF1E50A9A100423208 /* ApiService.swift */; };
		C3ED6CC21E50A9B500423208 /* ApiManager.swift in Sources */ = {isa = PBXBuildFile; fileRef = C3ED6CC11E50A9B500423208 /* ApiManager.swift */; };
		C3F58B4B1E44D19C00A23EC1 /* AppDelegate.swift in Sources */ = {isa = PBXBuildFile; fileRef = C3F58B4A1E44D19C00A23EC1 /* AppDelegate.swift */; };
		C3F58B501E44D19C00A23EC1 /* Main.storyboard in Resources */ = {isa = PBXBuildFile; fileRef = C3F58B4E1E44D19C00A23EC1 /* Main.storyboard */; };
		C3F58B521E44D19C00A23EC1 /* Assets.xcassets in Resources */ = {isa = PBXBuildFile; fileRef = C3F58B511E44D19C00A23EC1 /* Assets.xcassets */; };
		C3F58B551E44D19C00A23EC1 /* LaunchScreen.storyboard in Resources */ = {isa = PBXBuildFile; fileRef = C3F58B531E44D19C00A23EC1 /* LaunchScreen.storyboard */; };
/* End PBXBuildFile section */

/* Begin PBXFileReference section */
		15234063244D64E133449F86 /* Pods-GeekInformer.release.xcconfig */ = {isa = PBXFileReference; includeInIndex = 1; lastKnownFileType = text.xcconfig; name = "Pods-GeekInformer.release.xcconfig"; path = "Pods/Target Support Files/Pods-GeekInformer/Pods-GeekInformer.release.xcconfig"; sourceTree = "<group>"; };
		25929987CA8F4A6D22F0B119 /* Pods-GeekInformer.debug.xcconfig */ = {isa = PBXFileReference; includeInIndex = 1; lastKnownFileType = text.xcconfig; name = "Pods-GeekInformer.debug.xcconfig"; path = "Pods/Target Support Files/Pods-GeekInformer/Pods-GeekInformer.debug.xcconfig"; sourceTree = "<group>"; };
		AE31EE658FE34E427986F172 /* Pods_GeekInformer.framework */ = {isa = PBXFileReference; explicitFileType = wrapper.framework; includeInIndex = 0; path = Pods_GeekInformer.framework; sourceTree = BUILT_PRODUCTS_DIR; };
		C33465F71E5F9B66000AE76F /* CardViewController.swift */ = {isa = PBXFileReference; fileEncoding = 4; lastKnownFileType = sourcecode.swift; path = CardViewController.swift; sourceTree = SOURCE_ROOT; };
		C34A3E281E64801700EC8F66 /* Card.swift */ = {isa = PBXFileReference; fileEncoding = 4; lastKnownFileType = sourcecode.swift; path = Card.swift; sourceTree = SOURCE_ROOT; };
		C34A3E2A1E64807E00EC8F66 /* YouTubeCard.swift */ = {isa = PBXFileReference; fileEncoding = 4; lastKnownFileType = sourcecode.swift; path = YouTubeCard.swift; sourceTree = SOURCE_ROOT; };
		C34A3E2C1E64808F00EC8F66 /* ItunesCard.swift */ = {isa = PBXFileReference; fileEncoding = 4; lastKnownFileType = sourcecode.swift; path = ItunesCard.swift; sourceTree = SOURCE_ROOT; };
		C35C648A1E6AD045001E2B16 /* Roboto-Regular.ttf */ = {isa = PBXFileReference; lastKnownFileType = file; name = "Roboto-Regular.ttf"; path = "../Roboto-Regular.ttf"; sourceTree = "<group>"; };
		C3E99D1F1E61A13B0041C812 /* CellForCollectionView.swift */ = {isa = PBXFileReference; fileEncoding = 4; lastKnownFileType = sourcecode.swift; path = CellForCollectionView.swift; sourceTree = SOURCE_ROOT; };
		C3E99D211E61AAFB0041C812 /* ViewController.swift */ = {isa = PBXFileReference; fileEncoding = 4; lastKnownFileType = sourcecode.swift; path = ViewController.swift; sourceTree = "<group>"; };
		C3ED6CBF1E50A9A100423208 /* ApiService.swift */ = {isa = PBXFileReference; fileEncoding = 4; lastKnownFileType = sourcecode.swift; path = ApiService.swift; sourceTree = "<group>"; };
		C3ED6CC11E50A9B500423208 /* ApiManager.swift */ = {isa = PBXFileReference; fileEncoding = 4; lastKnownFileType = sourcecode.swift; path = ApiManager.swift; sourceTree = "<group>"; };
		C3F58B471E44D19C00A23EC1 /* GeekInformer.app */ = {isa = PBXFileReference; explicitFileType = wrapper.application; includeInIndex = 0; path = GeekInformer.app; sourceTree = BUILT_PRODUCTS_DIR; };
		C3F58B4A1E44D19C00A23EC1 /* AppDelegate.swift */ = {isa = PBXFileReference; lastKnownFileType = sourcecode.swift; name = AppDelegate.swift; path = GeekInformer/AppDelegate.swift; sourceTree = "<group>"; };
		C3F58B4F1E44D19C00A23EC1 /* Base */ = {isa = PBXFileReference; lastKnownFileType = file.storyboard; name = Base; path = Base.lproj/Main.storyboard; sourceTree = "<group>"; };
		C3F58B511E44D19C00A23EC1 /* Assets.xcassets */ = {isa = PBXFileReference; lastKnownFileType = folder.assetcatalog; path = Assets.xcassets; sourceTree = "<group>"; };
		C3F58B541E44D19C00A23EC1 /* Base */ = {isa = PBXFileReference; lastKnownFileType = file.storyboard; name = Base; path = Base.lproj/LaunchScreen.storyboard; sourceTree = "<group>"; };
		C3F58B561E44D19C00A23EC1 /* Info.plist */ = {isa = PBXFileReference; lastKnownFileType = text.plist.xml; name = Info.plist; path = GeekInformer/Info.plist; sourceTree = "<group>"; };
/* End PBXFileReference section */

/* Begin PBXFrameworksBuildPhase section */
		C3F58B441E44D19C00A23EC1 /* Frameworks */ = {
			isa = PBXFrameworksBuildPhase;
			buildActionMask = 2147483647;
			files = (
				5B5BE13DE1D4AE45E3E64E0B /* Pods_GeekInformer.framework in Frameworks */,
			);
			runOnlyForDeploymentPostprocessing = 0;
		};
/* End PBXFrameworksBuildPhase section */

/* Begin PBXGroup section */
		4388B6F77727AD4BE27F1F97 /* Frameworks */ = {
			isa = PBXGroup;
			children = (
				AE31EE658FE34E427986F172 /* Pods_GeekInformer.framework */,
			);
			name = Frameworks;
			sourceTree = "<group>";
		};
		9B8AC3CD8A1F088CA61BB1BB /* UI */ = {
			isa = PBXGroup;
			children = (
				9B8AC98382CB50FF46517E82 /* Components */,
				9B8AC921E43F154DBE1237F5 /* Models */,
			);
			path = UI;
			sourceTree = "<group>";
		};
		9B8AC5D000E91B4DD9737C6A /* NewsFeed */ = {
			isa = PBXGroup;
			children = (
			);
			path = NewsFeed;
			sourceTree = "<group>";
		};
		9B8AC921E43F154DBE1237F5 /* Models */ = {
			isa = PBXGroup;
			children = (
				9B8ACF1A09F427348C7C365A /* Cards */,
			);
			path = Models;
			sourceTree = "<group>";
		};
		9B8AC98382CB50FF46517E82 /* Components */ = {
			isa = PBXGroup;
			children = (
				9B8AC5D000E91B4DD9737C6A /* NewsFeed */,
				C33465F71E5F9B66000AE76F /* CardViewController.swift */,
				C3E99D1F1E61A13B0041C812 /* CellForCollectionView.swift */,
			);
			path = Components;
			sourceTree = "<group>";
		};
		9B8ACF1A09F427348C7C365A /* Cards */ = {
			isa = PBXGroup;
			children = (
				C34A3E281E64801700EC8F66 /* Card.swift */,
				C34A3E2A1E64807E00EC8F66 /* YouTubeCard.swift */,
				C34A3E2C1E64808F00EC8F66 /* ItunesCard.swift */,
			);
			path = Cards;
			sourceTree = "<group>";
		};
		AD8423EE33B71EF90877ED73 /* Pods */ = {
			isa = PBXGroup;
			children = (
				25929987CA8F4A6D22F0B119 /* Pods-GeekInformer.debug.xcconfig */,
				15234063244D64E133449F86 /* Pods-GeekInformer.release.xcconfig */,
			);
			name = Pods;
			sourceTree = "<group>";
		};
		C3813AEF1E4C8D250059E762 /* Application Delegate */ = {
			isa = PBXGroup;
			children = (
				C3F58B4A1E44D19C00A23EC1 /* AppDelegate.swift */,
			);
			name = "Application Delegate";
			sourceTree = "<group>";
		};
		C3813AF11E4C8D390059E762 /* View Controllers */ = {
			isa = PBXGroup;
			children = (
				C3E99D211E61AAFB0041C812 /* ViewController.swift */,
			);
			name = "View Controllers";
			sourceTree = "<group>";
		};
		C3813AF21E4C8D5B0059E762 /* Resources */ = {
			isa = PBXGroup;
			children = (
				C3F58B511E44D19C00A23EC1 /* Assets.xcassets */,
			);
			name = Resources;
			path = GeekInformer;
			sourceTree = "<group>";
		};
		C3813AF31E4C8D7E0059E762 /* Storyboards */ = {
			isa = PBXGroup;
			children = (
				C3F58B4E1E44D19C00A23EC1 /* Main.storyboard */,
				C3F58B531E44D19C00A23EC1 /* LaunchScreen.storyboard */,
			);
			name = Storyboards;
			path = GeekInformer;
			sourceTree = "<group>";
		};
		C3813AF41E4C8D990059E762 /* Supporting Files */ = {
			isa = PBXGroup;
			children = (
				C35C648A1E6AD045001E2B16 /* Roboto-Regular.ttf */,
				C3F58B561E44D19C00A23EC1 /* Info.plist */,
			);
			name = "Supporting Files";
			sourceTree = "<group>";
		};
		C3ED6CBE1E50A95400423208 /* API */ = {
			isa = PBXGroup;
			children = (
				C3ED6CBF1E50A9A100423208 /* ApiService.swift */,
				C3ED6CC11E50A9B500423208 /* ApiManager.swift */,
			);
			name = API;
			sourceTree = "<group>";
		};
		C3F58B3E1E44D19C00A23EC1 = {
			isa = PBXGroup;
			children = (
				C3ED6CBE1E50A95400423208 /* API */,
				C3813AEF1E4C8D250059E762 /* Application Delegate */,
				C3813AF11E4C8D390059E762 /* View Controllers */,
				C3813AF31E4C8D7E0059E762 /* Storyboards */,
				C3813AF21E4C8D5B0059E762 /* Resources */,
				C3F58B481E44D19C00A23EC1 /* Products */,
				AD8423EE33B71EF90877ED73 /* Pods */,
				4388B6F77727AD4BE27F1F97 /* Frameworks */,
				C3813AF41E4C8D990059E762 /* Supporting Files */,
				9B8AC3CD8A1F088CA61BB1BB /* UI */,
			);
			sourceTree = "<group>";
		};
		C3F58B481E44D19C00A23EC1 /* Products */ = {
			isa = PBXGroup;
			children = (
				C3F58B471E44D19C00A23EC1 /* GeekInformer.app */,
			);
			name = Products;
			sourceTree = "<group>";
		};
/* End PBXGroup section */

/* Begin PBXNativeTarget section */
		C3F58B461E44D19C00A23EC1 /* GeekInformer */ = {
			isa = PBXNativeTarget;
			buildConfigurationList = C3F58B591E44D19C00A23EC1 /* Build configuration list for PBXNativeTarget "GeekInformer" */;
			buildPhases = (
				9AE8213AA21165F015969DBC /* [CP] Check Pods Manifest.lock */,
				C3F58B431E44D19C00A23EC1 /* Sources */,
				C3F58B441E44D19C00A23EC1 /* Frameworks */,
				C3F58B451E44D19C00A23EC1 /* Resources */,
				B29BB4621CEEF0AF0E5D0556 /* [CP] Embed Pods Frameworks */,
				D56B6C5C14C541E1FEC890C3 /* [CP] Copy Pods Resources */,
			);
			buildRules = (
			);
			dependencies = (
			);
			name = GeekInformer;
			productName = GeekInformer;
			productReference = C3F58B471E44D19C00A23EC1 /* GeekInformer.app */;
			productType = "com.apple.product-type.application";
		};
/* End PBXNativeTarget section */

/* Begin PBXProject section */
		C3F58B3F1E44D19C00A23EC1 /* Project object */ = {
			isa = PBXProject;
			attributes = {
				LastSwiftUpdateCheck = 0820;
				LastUpgradeCheck = 0820;
				ORGANIZATIONNAME = "Рауф";
				TargetAttributes = {
					C3F58B461E44D19C00A23EC1 = {
						CreatedOnToolsVersion = 8.2.1;
						DevelopmentTeam = 3Z52UR7LAJ;
						ProvisioningStyle = Automatic;
					};
				};
			};
			buildConfigurationList = C3F58B421E44D19C00A23EC1 /* Build configuration list for PBXProject "GeekInformer" */;
			compatibilityVersion = "Xcode 3.2";
			developmentRegion = English;
			hasScannedForEncodings = 0;
			knownRegions = (
				en,
				Base,
			);
			mainGroup = C3F58B3E1E44D19C00A23EC1;
			productRefGroup = C3F58B481E44D19C00A23EC1 /* Products */;
			projectDirPath = "";
			projectRoot = "";
			targets = (
				C3F58B461E44D19C00A23EC1 /* GeekInformer */,
			);
		};
/* End PBXProject section */

/* Begin PBXResourcesBuildPhase section */
		C3F58B451E44D19C00A23EC1 /* Resources */ = {
			isa = PBXResourcesBuildPhase;
			buildActionMask = 2147483647;
			files = (
				C35C648B1E6AD05C001E2B16 /* Roboto-Regular.ttf in Resources */,
				C3F58B551E44D19C00A23EC1 /* LaunchScreen.storyboard in Resources */,
				C3F58B521E44D19C00A23EC1 /* Assets.xcassets in Resources */,
				C3F58B501E44D19C00A23EC1 /* Main.storyboard in Resources */,
			);
			runOnlyForDeploymentPostprocessing = 0;
		};
/* End PBXResourcesBuildPhase section */

/* Begin PBXShellScriptBuildPhase section */
		9AE8213AA21165F015969DBC /* [CP] Check Pods Manifest.lock */ = {
			isa = PBXShellScriptBuildPhase;
			buildActionMask = 2147483647;
			files = (
			);
			inputPaths = (
			);
			name = "[CP] Check Pods Manifest.lock";
			outputPaths = (
			);
			runOnlyForDeploymentPostprocessing = 0;
			shellPath = /bin/sh;
			shellScript = "diff \"${PODS_ROOT}/../Podfile.lock\" \"${PODS_ROOT}/Manifest.lock\" > /dev/null\nif [ $? != 0 ] ; then\n    # print error to STDERR\n    echo \"error: The sandbox is not in sync with the Podfile.lock. Run 'pod install' or update your CocoaPods installation.\" >&2\n    exit 1\nfi\n";
			showEnvVarsInLog = 0;
		};
		B29BB4621CEEF0AF0E5D0556 /* [CP] Embed Pods Frameworks */ = {
			isa = PBXShellScriptBuildPhase;
			buildActionMask = 2147483647;
			files = (
			);
			inputPaths = (
			);
			name = "[CP] Embed Pods Frameworks";
			outputPaths = (
			);
			runOnlyForDeploymentPostprocessing = 0;
			shellPath = /bin/sh;
			shellScript = "\"${SRCROOT}/Pods/Target Support Files/Pods-GeekInformer/Pods-GeekInformer-frameworks.sh\"\n";
			showEnvVarsInLog = 0;
		};
		D56B6C5C14C541E1FEC890C3 /* [CP] Copy Pods Resources */ = {
			isa = PBXShellScriptBuildPhase;
			buildActionMask = 2147483647;
			files = (
			);
			inputPaths = (
			);
			name = "[CP] Copy Pods Resources";
			outputPaths = (
			);
			runOnlyForDeploymentPostprocessing = 0;
			shellPath = /bin/sh;
			shellScript = "\"${SRCROOT}/Pods/Target Support Files/Pods-GeekInformer/Pods-GeekInformer-resources.sh\"\n";
			showEnvVarsInLog = 0;
		};
/* End PBXShellScriptBuildPhase section */

/* Begin PBXSourcesBuildPhase section */
		C3F58B431E44D19C00A23EC1 /* Sources */ = {
			isa = PBXSourcesBuildPhase;
			buildActionMask = 2147483647;
			files = (
				C3ED6CC01E50A9A200423208 /* ApiService.swift in Sources */,
				C3E99D221E61AAFB0041C812 /* ViewController.swift in Sources */,
				C3ED6CC21E50A9B500423208 /* ApiManager.swift in Sources */,
				C3E99D201E61A13B0041C812 /* CellForCollectionView.swift in Sources */,
				C3F58B4B1E44D19C00A23EC1 /* AppDelegate.swift in Sources */,
				C34A3E291E64801700EC8F66 /* Card.swift in Sources */,
				C34A3E2D1E64808F00EC8F66 /* ItunesCard.swift in Sources */,
				C33465F81E5F9B66000AE76F /* CardViewController.swift in Sources */,
				C34A3E2B1E64807E00EC8F66 /* YouTubeCard.swift in Sources */,
			);
			runOnlyForDeploymentPostprocessing = 0;
		};
/* End PBXSourcesBuildPhase section */

/* Begin PBXVariantGroup section */
		C3F58B4E1E44D19C00A23EC1 /* Main.storyboard */ = {
			isa = PBXVariantGroup;
			children = (
				C3F58B4F1E44D19C00A23EC1 /* Base */,
			);
			name = Main.storyboard;
			sourceTree = "<group>";
		};
		C3F58B531E44D19C00A23EC1 /* LaunchScreen.storyboard */ = {
			isa = PBXVariantGroup;
			children = (
				C3F58B541E44D19C00A23EC1 /* Base */,
			);
			name = LaunchScreen.storyboard;
			sourceTree = "<group>";
		};
/* End PBXVariantGroup section */

/* Begin XCBuildConfiguration section */
		C3F58B571E44D19C00A23EC1 /* Debug */ = {
			isa = XCBuildConfiguration;
			buildSettings = {
				ALWAYS_SEARCH_USER_PATHS = NO;
				CLANG_ANALYZER_NONNULL = YES;
				CLANG_CXX_LANGUAGE_STANDARD = "gnu++0x";
				CLANG_CXX_LIBRARY = "libc++";
				CLANG_ENABLE_MODULES = YES;
				CLANG_ENABLE_OBJC_ARC = YES;
				CLANG_WARN_BOOL_CONVERSION = YES;
				CLANG_WARN_CONSTANT_CONVERSION = YES;
				CLANG_WARN_DIRECT_OBJC_ISA_USAGE = YES_ERROR;
				CLANG_WARN_DOCUMENTATION_COMMENTS = YES;
				CLANG_WARN_EMPTY_BODY = YES;
				CLANG_WARN_ENUM_CONVERSION = YES;
				CLANG_WARN_INFINITE_RECURSION = YES;
				CLANG_WARN_INT_CONVERSION = YES;
				CLANG_WARN_OBJC_ROOT_CLASS = YES_ERROR;
				CLANG_WARN_SUSPICIOUS_MOVE = YES;
				CLANG_WARN_UNREACHABLE_CODE = YES;
				CLANG_WARN__DUPLICATE_METHOD_MATCH = YES;
				"CODE_SIGN_IDENTITY[sdk=iphoneos*]" = "iPhone Developer";
				COPY_PHASE_STRIP = NO;
				DEBUG_INFORMATION_FORMAT = dwarf;
				ENABLE_STRICT_OBJC_MSGSEND = YES;
				ENABLE_TESTABILITY = YES;
				GCC_C_LANGUAGE_STANDARD = gnu99;
				GCC_DYNAMIC_NO_PIC = NO;
				GCC_NO_COMMON_BLOCKS = YES;
				GCC_OPTIMIZATION_LEVEL = 0;
				GCC_PREPROCESSOR_DEFINITIONS = (
					"DEBUG=1",
					"$(inherited)",
				);
				GCC_WARN_64_TO_32_BIT_CONVERSION = YES;
				GCC_WARN_ABOUT_RETURN_TYPE = YES_ERROR;
				GCC_WARN_UNDECLARED_SELECTOR = YES;
				GCC_WARN_UNINITIALIZED_AUTOS = YES_AGGRESSIVE;
				GCC_WARN_UNUSED_FUNCTION = YES;
				GCC_WARN_UNUSED_VARIABLE = YES;
				IPHONEOS_DEPLOYMENT_TARGET = 10.2;
				MTL_ENABLE_DEBUG_INFO = YES;
				ONLY_ACTIVE_ARCH = YES;
				SDKROOT = iphoneos;
				SWIFT_ACTIVE_COMPILATION_CONDITIONS = DEBUG;
				SWIFT_OPTIMIZATION_LEVEL = "-Onone";
				TARGETED_DEVICE_FAMILY = "1,2";
			};
			name = Debug;
		};
		C3F58B581E44D19C00A23EC1 /* Release */ = {
			isa = XCBuildConfiguration;
			buildSettings = {
				ALWAYS_SEARCH_USER_PATHS = NO;
				CLANG_ANALYZER_NONNULL = YES;
				CLANG_CXX_LANGUAGE_STANDARD = "gnu++0x";
				CLANG_CXX_LIBRARY = "libc++";
				CLANG_ENABLE_MODULES = YES;
				CLANG_ENABLE_OBJC_ARC = YES;
				CLANG_WARN_BOOL_CONVERSION = YES;
				CLANG_WARN_CONSTANT_CONVERSION = YES;
				CLANG_WARN_DIRECT_OBJC_ISA_USAGE = YES_ERROR;
				CLANG_WARN_DOCUMENTATION_COMMENTS = YES;
				CLANG_WARN_EMPTY_BODY = YES;
				CLANG_WARN_ENUM_CONVERSION = YES;
				CLANG_WARN_INFINITE_RECURSION = YES;
				CLANG_WARN_INT_CONVERSION = YES;
				CLANG_WARN_OBJC_ROOT_CLASS = YES_ERROR;
				CLANG_WARN_SUSPICIOUS_MOVE = YES;
				CLANG_WARN_UNREACHABLE_CODE = YES;
				CLANG_WARN__DUPLICATE_METHOD_MATCH = YES;
				"CODE_SIGN_IDENTITY[sdk=iphoneos*]" = "iPhone Developer";
				COPY_PHASE_STRIP = NO;
				DEBUG_INFORMATION_FORMAT = "dwarf-with-dsym";
				ENABLE_NS_ASSERTIONS = NO;
				ENABLE_STRICT_OBJC_MSGSEND = YES;
				GCC_C_LANGUAGE_STANDARD = gnu99;
				GCC_NO_COMMON_BLOCKS = YES;
				GCC_WARN_64_TO_32_BIT_CONVERSION = YES;
				GCC_WARN_ABOUT_RETURN_TYPE = YES_ERROR;
				GCC_WARN_UNDECLARED_SELECTOR = YES;
				GCC_WARN_UNINITIALIZED_AUTOS = YES_AGGRESSIVE;
				GCC_WARN_UNUSED_FUNCTION = YES;
				GCC_WARN_UNUSED_VARIABLE = YES;
				IPHONEOS_DEPLOYMENT_TARGET = 10.2;
				MTL_ENABLE_DEBUG_INFO = NO;
				SDKROOT = iphoneos;
				SWIFT_OPTIMIZATION_LEVEL = "-Owholemodule";
				TARGETED_DEVICE_FAMILY = "1,2";
				VALIDATE_PRODUCT = YES;
			};
			name = Release;
		};
		C3F58B5A1E44D19C00A23EC1 /* Debug */ = {
			isa = XCBuildConfiguration;
			baseConfigurationReference = 25929987CA8F4A6D22F0B119 /* Pods-GeekInformer.debug.xcconfig */;
			buildSettings = {
				ASSETCATALOG_COMPILER_APPICON_NAME = AppIcon;
				DEVELOPMENT_TEAM = 3Z52UR7LAJ;
				INFOPLIST_FILE = GeekInformer/Info.plist;
				LD_RUNPATH_SEARCH_PATHS = "$(inherited) @executable_path/Frameworks";
				PRODUCT_BUNDLE_IDENTIFIER = RGS.GeekInformer;
				PRODUCT_NAME = "$(TARGET_NAME)";
				SWIFT_VERSION = 3.0;
			};
			name = Debug;
		};
		C3F58B5B1E44D19C00A23EC1 /* Release */ = {
			isa = XCBuildConfiguration;
			baseConfigurationReference = 15234063244D64E133449F86 /* Pods-GeekInformer.release.xcconfig */;
			buildSettings = {
				ASSETCATALOG_COMPILER_APPICON_NAME = AppIcon;
				DEVELOPMENT_TEAM = 3Z52UR7LAJ;
				INFOPLIST_FILE = GeekInformer/Info.plist;
				LD_RUNPATH_SEARCH_PATHS = "$(inherited) @executable_path/Frameworks";
				PRODUCT_BUNDLE_IDENTIFIER = RGS.GeekInformer;
				PRODUCT_NAME = "$(TARGET_NAME)";
				SWIFT_VERSION = 3.0;
			};
			name = Release;
		};
/* End XCBuildConfiguration section */

/* Begin XCConfigurationList section */
		C3F58B421E44D19C00A23EC1 /* Build configuration list for PBXProject "GeekInformer" */ = {
			isa = XCConfigurationList;
			buildConfigurations = (
				C3F58B571E44D19C00A23EC1 /* Debug */,
				C3F58B581E44D19C00A23EC1 /* Release */,
			);
			defaultConfigurationIsVisible = 0;
			defaultConfigurationName = Release;
		};
		C3F58B591E44D19C00A23EC1 /* Build configuration list for PBXNativeTarget "GeekInformer" */ = {
			isa = XCConfigurationList;
			buildConfigurations = (
				C3F58B5A1E44D19C00A23EC1 /* Debug */,
				C3F58B5B1E44D19C00A23EC1 /* Release */,
			);
			defaultConfigurationIsVisible = 0;
			defaultConfigurationName = Release;
		};
/* End XCConfigurationList section */
	};
	rootObject = C3F58B3F1E44D19C00A23EC1 /* Project object */;
}
